
Microsoft Visual Studio Solution File, Format Version 15.00
# Visual Studio 2017
Project("{FAE04EC0-301F-11D3-BF4B-00C04F79EFBC}") = "Asp2017", "Asp2017.csproj", "{333FA3D5-7E63-4583-B18D-26AD973BEAA9}"
EndProject
Global
	GlobalSection(SolutionConfigurationPlatforms) = preSolution
		Debug|Any CPU = Debug|Any CPU
		Release|Any CPU = Release|Any CPU
	EndGlobalSection
	GlobalSection(ProjectConfigurationPlatforms) = postSolution
		{333FA3D5-7E63-4583-B18D-26AD973BEAA9}.Debug|Any CPU.ActiveCfg = Debug|Any CPU
		{333FA3D5-7E63-4583-B18D-26AD973BEAA9}.Debug|Any CPU.Build.0 = Debug|Any CPU
		{333FA3D5-7E63-4583-B18D-26AD973BEAA9}.Release|Any CPU.ActiveCfg = Release|Any CPU
		{333FA3D5-7E63-4583-B18D-26AD973BEAA9}.Release|Any CPU.Build.0 = Release|Any CPU
	EndGlobalSection
EndGlobal
